{
  "name": "opencode-comfy-vram-gate",
  "version": "0.2.0",
  "lockfileVersion": 3,
  "requires": true,
  "packages": {
    "": {
      "name": "opencode-comfy-vram-gate",
      "version": "0.2.0",
      "license": "Apache-2.0",
      "bin": {
        "opencode-comfy-vram-gate": "bin/cli.js",
        "opencode-comfy-vram-gate-loader": "bin/create-loader.js"
      },
      "engines": {
        "node": ">=20"
      }
    }
  }
}
